
Microsoft Visual Studio Solution File, Format Version 12.00
# Visual Studio Version 17
VisualStudioVersion = 17.3.32819.101
MinimumVisualStudioVersion = 10.0.40219.1
Project("{FAE04EC0-301F-11D3-BF4B-00C04F79EFBC}") = "Hogar Dulce Corazón -- Juan Palacios", "Hogar Dulce Corazón -- Juan Palacios\Hogar Dulce Corazón -- Juan Palacios.csproj", "{AF5BD629-8A9E-47BC-B0C6-6ED49048653A}"
EndProject
Global
	GlobalSection(SolutionConfigurationPlatforms) = preSolution
		Debug|Any CPU = Debug|Any CPU
		Release|Any CPU = Release|Any CPU
	EndGlobalSection
	GlobalSection(ProjectConfigurationPlatforms) = postSolution
		{AF5BD629-8A9E-47BC-B0C6-6ED49048653A}.Debug|Any CPU.ActiveCfg = Debug|Any CPU
		{AF5BD629-8A9E-47BC-B0C6-6ED49048653A}.Debug|Any CPU.Build.0 = Debug|Any CPU
		{AF5BD629-8A9E-47BC-B0C6-6ED49048653A}.Release|Any CPU.ActiveCfg = Release|Any CPU
		{AF5BD629-8A9E-47BC-B0C6-6ED49048653A}.Release|Any CPU.Build.0 = Release|Any CPU
	EndGlobalSection
	GlobalSection(SolutionProperties) = preSolution
		HideSolutionNode = FALSE
	EndGlobalSection
	GlobalSection(ExtensibilityGlobals) = postSolution
		SolutionGuid = {0E9815C4-90EA-4C4C-8B42-85344663DF36}
	EndGlobalSection
EndGlobal
